<?xml version="1.0" encoding="utf-8"?>
<Project ToolsVersion="4.0" xmlns="http://schemas.microsoft.com/developer/msbuild/2003">
  <ItemGroup>
    <Filter Include="소스 파일">
      <UniqueIdentifier>{4FC737F1-C7A5-4376-A066-2A32D752A2FF}</UniqueIdentifier>
      <Extensions>cpp;c;cc;cxx;c++;cppm;ixx;def;odl;idl;hpj;bat;asm;asmx</Extensions>
    </Filter>
    <Filter Include="소스 파일\Core">
      <UniqueIdentifier>{6af7511a-e5aa-4644-899e-0d0c5f6b17c0}</UniqueIdentifier>
    </Filter>
    <Filter Include="소스 파일\Data">
      <UniqueIdentifier>{30b8ba9f-9b59-4968-aec7-6a52f879d2f7}</UniqueIdentifier>
    </Filter>
    <Filter Include="소스 파일\Game">
      <UniqueIdentifier>{675824cb-720a-44f8-8b44-317b5702aee5}</UniqueIdentifier>
    </Filter>
    <Filter Include="소스 파일\Systems">
      <UniqueIdentifier>{bf7cb285-e48b-412f-b00e-4e370e419c9e}</UniqueIdentifier>
    </Filter>
    <Filter Include="소스 파일\Utils">
      <UniqueIdentifier>{d8db4ad3-6a15-4dfc-bc1e-19f75fbc74e1}</UniqueIdentifier>
    </Filter>
    <Filter Include="소스 파일\Game\State">
      <UniqueIdentifier>{8c63e5bd-d57d-4635-a585-60499ff011d6}</UniqueIdentifier>
    </Filter>
    <Filter Include="소스 파일\Game\Events">
      <UniqueIdentifier>{e33b1afe-45c6-45c6-84ab-6adb9d9f93da}</UniqueIdentifier>
    </Filter>
    <Filter Include="소스 파일\external">
      <UniqueIdentifier>{039a89c1-0bd3-420c-91da-3b8ee3340621}</UniqueIdentifier>
    </Filter>
    <Filter Include="소스 파일\external\json">
      <UniqueIdentifier>{75099e70-460d-49ca-b35e-e12510c04fdf}</UniqueIdentifier>
    </Filter>
    <Filter Include="소스 파일\Data\lang">
      <UniqueIdentifier>{46143e00-e107-4979-b8d0-a43c1b279c5d}</UniqueIdentifier>
    </Filter>
    <Filter Include="소스 파일\Assets">
      <UniqueIdentifier>{be18d4f4-4e49-4e89-8f79-f906d971ee3f}</UniqueIdentifier>
    </Filter>
    <Filter Include="소스 파일\Assets\ui">
      <UniqueIdentifier>{48278d8e-5ab1-4178-8f26-0562174a71a3}</UniqueIdentifier>
    </Filter>
    <Filter Include="소스 파일\Game\Story">
      <UniqueIdentifier>{159928b9-b9a1-4180-94ca-4904afc08ce3}</UniqueIdentifier>
    </Filter>
    <Filter Include="소스 파일\Data\story">
      <UniqueIdentifier>{3ebd9c92-5e8e-4e96-8985-1956ea4830ad}</UniqueIdentifier>
    </Filter>
    <Filter Include="소스 파일\Game\Player">
      <UniqueIdentifier>{b8e9c95b-62d8-4120-a913-6116cc663b4d}</UniqueIdentifier>
    </Filter>
    <Filter Include="소스 파일\Game\Effect">
      <UniqueIdentifier>{307ed938-352d-4ea5-889b-e0c94bb8256f}</UniqueIdentifier>
    </Filter>
    <Filter Include="소스 파일\Ui">
      <UniqueIdentifier>{19b875b2-f4be-4d86-a637-b9116ce4abb6}</UniqueIdentifier>
    </Filter>
    <Filter Include="소스 파일\Game\Item">
      <UniqueIdentifier>{c280972a-e7c8-4842-81b9-6ceab8dfd021}</UniqueIdentifier>
    </Filter>
    <Filter Include="소스 파일\Game\Log">
      <UniqueIdentifier>{d5affe06-11dd-4ba8-88a3-e1217a7d3183}</UniqueIdentifier>
    </Filter>
    <Filter Include="소스 파일\Game\Journal">
      <UniqueIdentifier>{3bda51ce-9b11-4aee-b21e-fc28879576fb}</UniqueIdentifier>
    </Filter>
    <Filter Include="소스 파일\external\sound">
      <UniqueIdentifier>{a98b8b84-9714-4108-bfad-4e85194d5d9d}</UniqueIdentifier>
    </Filter>
  </ItemGroup>
  <ItemGroup>
    <ClCompile Include="main.cpp">
      <Filter>소스 파일</Filter>
    </ClCompile>
    <ClCompile Include="Core\Application.cpp">
      <Filter>소스 파일\Core</Filter>
    </ClCompile>
    <ClCompile Include="Core\GameLoop.cpp">
      <Filter>소스 파일\Core</Filter>
    </ClCompile>
    <ClCompile Include="Game\States\TitleState.cpp">
      <Filter>소스 파일\Game\State</Filter>
    </ClCompile>
    <ClCompile Include="Core\InputManager.cpp">
      <Filter>소스 파일\Core</Filter>
    </ClCompile>
    <ClCompile Include="Core\StateMachine.cpp">
      <Filter>소스 파일\Core</Filter>
    </ClCompile>
    <ClCompile Include="Core\EventSubscription.cpp">
      <Filter>소스 파일\Core</Filter>
    </ClCompile>
    <ClCompile Include="Core\EventBus.cpp">
      <Filter>소스 파일\Core</Filter>
    </ClCompile>
    <ClCompile Include="Core\ConsoleInputSource.cpp">
      <Filter>소스 파일\Core</Filter>
    </ClCompile>
    <ClCompile Include="Utils\ConsoleUtils.cpp">
      <Filter>소스 파일\Utils</Filter>
    </ClCompile>
    <ClCompile Include="Core\ConsoleDisplay.cpp">
      <Filter>소스 파일\Core</Filter>
    </ClCompile>
    <ClCompile Include="Game\States\GameState.cpp">
      <Filter>소스 파일\Game\State</Filter>
    </ClCompile>
    <ClCompile Include="Core\Context.cpp">
      <Filter>소스 파일\Core</Filter>
    </ClCompile>
    <ClCompile Include="Core\SettingsManager.cpp">
      <Filter>소스 파일\Core</Filter>
    </ClCompile>
    <ClCompile Include="Core\SoundSystem.cpp">
      <Filter>소스 파일\Core</Filter>
    </ClCompile>
    <ClCompile Include="Core\LocalizationManager.cpp">
      <Filter>소스 파일\Core</Filter>
    </ClCompile>
    <ClCompile Include="Core\Localization.cpp">
      <Filter>소스 파일\Core</Filter>
    </ClCompile>
    <ClCompile Include="Utils\UTF8ToWide.cpp">
      <Filter>소스 파일\Utils</Filter>
    </ClCompile>
    <ClCompile Include="Utils\GetVisualWidth.cpp">
      <Filter>소스 파일\Utils</Filter>
    </ClCompile>
    <ClCompile Include="Utils\EnableMouseInput.cpp">
      <Filter>소스 파일\Utils</Filter>
    </ClCompile>
    <ClCompile Include="Utils\GetCharWidth.cpp">
      <Filter>소스 파일\Utils</Filter>
    </ClCompile>
    <ClCompile Include="Game\States\SettingState.cpp">
      <Filter>소스 파일\Game\State</Filter>
    </ClCompile>
    <ClCompile Include="Game\Story\StoryLoader.cpp">
      <Filter>소스 파일\Game\Story</Filter>
    </ClCompile>
    <ClCompile Include="Game\States\StoryState.cpp">
      <Filter>소스 파일\Game\State</Filter>
    </ClCompile>
    <ClCompile Include="Game\Effect\EffectInterpreter.cpp">
      <Filter>소스 파일\Game\Effect</Filter>
    </ClCompile>
    <ClCompile Include="Systems\ConditionChecker.cpp">
      <Filter>소스 파일\Systems</Filter>
    </ClCompile>
    <ClCompile Include="Ui\UITypewriter.cpp">
      <Filter>소스 파일\Ui</Filter>
    </ClCompile>
    <ClCompile Include="Ui\UIButton.cpp">
      <Filter>소스 파일\Ui</Filter>
    </ClCompile>
    <ClCompile Include="Ui\UIImage.cpp">
      <Filter>소스 파일\Ui</Filter>
    </ClCompile>
    <ClCompile Include="Ui\UILabel.cpp">
      <Filter>소스 파일\Ui</Filter>
    </ClCompile>
    <ClCompile Include="Ui\UIManager.cpp">
      <Filter>소스 파일\Ui</Filter>
    </ClCompile>
    <ClCompile Include="Game\Item\ItemRegistry.cpp">
      <Filter>소스 파일\Game\Item</Filter>
    </ClCompile>
    <ClCompile Include="Game\States\InventoryState.cpp">
      <Filter>소스 파일\Game\State</Filter>
    </ClCompile>
    <ClCompile Include="Game\States\SlotSelectState.cpp">
      <Filter>소스 파일\Game\State</Filter>
    </ClCompile>
    <ClCompile Include="Game\States\JournalState.cpp">
      <Filter>소스 파일\Game\State</Filter>
    </ClCompile>
    <ClCompile Include="Game\States\LogState.cpp">
      <Filter>소스 파일\Game\State</Filter>
    </ClCompile>
    <ClCompile Include="Game\States\LoadSlotState.cpp">
      <Filter>소스 파일\Game\State</Filter>
    </ClCompile>
    <ClCompile Include="Game\States\WaitState.cpp">
      <Filter>소스 파일\Game\State</Filter>
    </ClCompile>
    <ClCompile Include="Game\States\SleepState.cpp">
      <Filter>소스 파일\Game\State</Filter>
    </ClCompile>
    <ClCompile Include="Game\States\PauseMenuState.cpp">
      <Filter>소스 파일\Game\State</Filter>
    </ClCompile>
  </ItemGroup>
  <ItemGroup>
    <ClInclude Include="Core\Application.h">
      <Filter>소스 파일\Core</Filter>
    </ClInclude>
    <ClInclude Include="Core\GameLoop.h">
      <Filter>소스 파일\Core</Filter>
    </ClInclude>
    <ClInclude Include="Core\State.h">
      <Filter>소스 파일\Core</Filter>
    </ClInclude>
    <ClInclude Include="Game\States\TitleState.h">
      <Filter>소스 파일\Game\State</Filter>
    </ClInclude>
    <ClInclude Include="Core\InputAction.h">
      <Filter>소스 파일\Core</Filter>
    </ClInclude>
    <ClInclude Include="Core\InputManager.h">
      <Filter>소스 파일\Core</Filter>
    </ClInclude>
    <ClInclude Include="Core\Context.h">
      <Filter>소스 파일\Core</Filter>
    </ClInclude>
    <ClInclude Include="Core\StateMachine.h">
      <Filter>소스 파일\Core</Filter>
    </ClInclude>
    <ClInclude Include="Core\Event.h">
      <Filter>소스 파일\Core</Filter>
    </ClInclude>
    <ClInclude Include="Core\EventBus.h">
      <Filter>소스 파일\Core</Filter>
    </ClInclude>
    <ClInclude Include="Game\Events\GameStartEvent.h">
      <Filter>소스 파일\Game\Events</Filter>
    </ClInclude>
    <ClInclude Include="Core\EventSubscription.h">
      <Filter>소스 파일\Core</Filter>
    </ClInclude>
    <ClInclude Include="Core\InputSource.h">
      <Filter>소스 파일\Core</Filter>
    </ClInclude>
    <ClInclude Include="Core\ConsoleInputSource.h">
      <Filter>소스 파일\Core</Filter>
    </ClInclude>
    <ClInclude Include="Utils\ConsoleUtils.h">
      <Filter>소스 파일\Utils</Filter>
    </ClInclude>
    <ClInclude Include="Core\ConsoleDisplay.h">
      <Filter>소스 파일\Core</Filter>
    </ClInclude>
    <ClInclude Include="Game\States\GameState.h">
      <Filter>소스 파일\Game\State</Filter>
    </ClInclude>
    <ClInclude Include="Core\SettingsManager.h">
      <Filter>소스 파일\Core</Filter>
    </ClInclude>
    <ClInclude Include="external\json\json.hpp">
      <Filter>소스 파일\external\json</Filter>
    </ClInclude>
    <ClInclude Include="Core\SoundSystem.h">
      <Filter>소스 파일\Core</Filter>
    </ClInclude>
    <ClInclude Include="Game\Events\PlaySoundEvent.h">
      <Filter>소스 파일\Game\Events</Filter>
    </ClInclude>
    <ClInclude Include="Core\LocalizationManager.h">
      <Filter>소스 파일\Core</Filter>
    </ClInclude>
    <ClInclude Include="Core\Localization.h">
      <Filter>소스 파일\Core</Filter>
    </ClInclude>
    <ClInclude Include="Utils\UTF8ToWide.h">
      <Filter>소스 파일\Utils</Filter>
    </ClInclude>
    <ClInclude Include="Utils\GetVisualWidth.h">
      <Filter>소스 파일\Utils</Filter>
    </ClInclude>
    <ClInclude Include="Utils\EnableMouseInput.h">
      <Filter>소스 파일\Utils</Filter>
    </ClInclude>
    <ClInclude Include="Utils\GetCharWidth.h">
      <Filter>소스 파일\Utils</Filter>
    </ClInclude>
    <ClInclude Include="Game\States\SettingState.h">
      <Filter>소스 파일\Game\State</Filter>
    </ClInclude>
    <ClInclude Include="Game\Story\StoryNode.h">
      <Filter>소스 파일\Game\Story</Filter>
    </ClInclude>
    <ClInclude Include="Game\Story\StoryLoader.h">
      <Filter>소스 파일\Game\Story</Filter>
    </ClInclude>
    <ClInclude Include="Game\States\StoryState.h">
      <Filter>소스 파일\Game\State</Filter>
    </ClInclude>
    <ClInclude Include="Game\Player\PlayerStatus.h">
      <Filter>소스 파일\Game\Player</Filter>
    </ClInclude>
    <ClInclude Include="Game\Effect\EffectInterpreter.h">
      <Filter>소스 파일\Game\Effect</Filter>
    </ClInclude>
    <ClInclude Include="Systems\ConditionChecker.h">
      <Filter>소스 파일\Systems</Filter>
    </ClInclude>
    <ClInclude Include="Game\Effect\Effect.h">
      <Filter>소스 파일\Game\Effect</Filter>
    </ClInclude>
    <ClInclude Include="Ui\UITypewriter.h">
      <Filter>소스 파일\Ui</Filter>
    </ClInclude>
    <ClInclude Include="Ui\UIButton.h">
      <Filter>소스 파일\Ui</Filter>
    </ClInclude>
    <ClInclude Include="Ui\UIElement.h">
      <Filter>소스 파일\Ui</Filter>
    </ClInclude>
    <ClInclude Include="Ui\UIImage.h">
      <Filter>소스 파일\Ui</Filter>
    </ClInclude>
    <ClInclude Include="Ui\UILabel.h">
      <Filter>소스 파일\Ui</Filter>
    </ClInclude>
    <ClInclude Include="Ui\UIManager.h">
      <Filter>소스 파일\Ui</Filter>
    </ClInclude>
    <ClInclude Include="Systems\Condition.h">
      <Filter>소스 파일\Systems</Filter>
    </ClInclude>
    <ClInclude Include="Game\Item\Item.h">
      <Filter>소스 파일\Game\Item</Filter>
    </ClInclude>
    <ClInclude Include="Game\Item\ItemRegistry.h">
      <Filter>소스 파일\Game\Item</Filter>
    </ClInclude>
    <ClInclude Include="Game\States\InventoryState.h">
      <Filter>소스 파일\Game\State</Filter>
    </ClInclude>
    <ClInclude Include="Game\States\SlotSelectState.h">
      <Filter>소스 파일\Game\State</Filter>
    </ClInclude>
    <ClInclude Include="Game\Log\LogEntry.h">
      <Filter>소스 파일\Game\Log</Filter>
    </ClInclude>
    <ClInclude Include="Game\Journal\JournalEntry.h">
      <Filter>소스 파일\Game\Journal</Filter>
    </ClInclude>
    <ClInclude Include="Game\States\JournalState.h">
      <Filter>소스 파일\Game\State</Filter>
    </ClInclude>
    <ClInclude Include="Game\States\LogState.h">
      <Filter>소스 파일\Game\State</Filter>
    </ClInclude>
    <ClInclude Include="Game\States\LoadSlotState.h">
      <Filter>소스 파일\Game\State</Filter>
    </ClInclude>
    <ClInclude Include="external\sound\miniaudio.h">
      <Filter>소스 파일\external\sound</Filter>
    </ClInclude>
    <ClInclude Include="Game\States\WaitState.h">
      <Filter>소스 파일\Game\State</Filter>
    </ClInclude>
    <ClInclude Include="Game\States\SleepState.h">
      <Filter>소스 파일\Game\State</Filter>
    </ClInclude>
    <ClInclude Include="Game\States\PauseMenuState.h">
      <Filter>소스 파일\Game\State</Filter>
    </ClInclude>
  </ItemGroup>
  <ItemGroup>
    <None Include="Data\settings.json">
      <Filter>소스 파일\Data</Filter>
    </None>
    <None Include="Data\lang\ko.json">
      <Filter>소스 파일\Data\lang</Filter>
    </None>
    <None Include="Data\lang\en.json">
      <Filter>소스 파일\Data\lang</Filter>
    </None>
    <None Include="Data\lang\ja.json">
      <Filter>소스 파일\Data\lang</Filter>
    </None>
    <None Include="Data\lang\zh.json">
      <Filter>소스 파일\Data\lang</Filter>
    </None>
    <None Include="Data\items.json">
      <Filter>소스 파일\Data</Filter>
    </None>
  </ItemGroup>
  <ItemGroup>
    <Text Include="Assets\ui\title.txt">
      <Filter>소스 파일\Assets\ui</Filter>
    </Text>
  </ItemGroup>
</Project>