
Microsoft Visual Studio Solution File, Format Version 12.00
# Visual Studio Version 17
VisualStudioVersion = 17.14.36603.0 d17.14
MinimumVisualStudioVersion = 10.0.40219.1
Project("{8BC9CEB8-8B4A-11D0-8D11-00A0C91BC942}") = "TextRPG", "TextRPG\TextRPG.vcxproj", "{49D5D8F7-73EC-417A-8AA5-37B730FC523F}"
EndProject
Global
	GlobalSection(SolutionConfigurationPlatforms) = preSolution
		Debug|x64 = Debug|x64
		Debug|x86 = Debug|x86
		Release|x64 = Release|x64
		Release|x86 = Release|x86
	EndGlobalSection
	GlobalSection(ProjectConfigurationPlatforms) = postSolution
		{49D5D8F7-73EC-417A-8AA5-37B730FC523F}.Debug|x64.ActiveCfg = Debug|x64
		{49D5D8F7-73EC-417A-8AA5-37B730FC523F}.Debug|x64.Build.0 = Debug|x64
		{49D5D8F7-73EC-417A-8AA5-37B730FC523F}.Debug|x86.ActiveCfg = Debug|Win32
		{49D5D8F7-73EC-417A-8AA5-37B730FC523F}.Debug|x86.Build.0 = Debug|Win32
		{49D5D8F7-73EC-417A-8AA5-37B730FC523F}.Release|x64.ActiveCfg = Release|x64
		{49D5D8F7-73EC-417A-8AA5-37B730FC523F}.Release|x64.Build.0 = Release|x64
		{49D5D8F7-73EC-417A-8AA5-37B730FC523F}.Release|x86.ActiveCfg = Release|Win32
		{49D5D8F7-73EC-417A-8AA5-37B730FC523F}.Release|x86.Build.0 = Release|Win32
	EndGlobalSection
	GlobalSection(SolutionProperties) = preSolution
		HideSolutionNode = FALSE
	EndGlobalSection
	GlobalSection(ExtensibilityGlobals) = postSolution
		SolutionGuid = {3F766F39-117C-436B-88FB-3EF5AEC4D72C}
	EndGlobalSection
EndGlobal
